
Microsoft Visual Studio Solution File, Format Version 12.00
# Visual Studio Version 17
VisualStudioVersion = 17.10.35122.118
MinimumVisualStudioVersion = 10.0.40219.1
Project("{FAE04EC0-301F-11D3-BF4B-00C04F79EFBC}") = "BringMeHome.API", "BringMeHome.API\BringMeHome.API.csproj", "{866B6C06-4602-4987-AD1F-B6C52A749DFD}"
	ProjectSection(ProjectDependencies) = postProject
		{02C757D5-6110-46F2-9DBD-3076F1DDC2F0} = {02C757D5-6110-46F2-9DBD-3076F1DDC2F0}
	EndProjectSection
EndProject
Project("{FAE04EC0-301F-11D3-BF4B-00C04F79EFBC}") = "BringMeHome.Models", "BringMeHome.Models\BringMeHome.Models.csproj", "{53558172-7055-4018-B6F1-0AB7B73FE1B7}"
EndProject
Project("{FAE04EC0-301F-11D3-BF4B-00C04F79EFBC}") = "BringMeHome.Services", "BringMeHome.Services\BringMeHome.Services.csproj", "{A8FF46A9-F6C0-4F8D-8B4B-7F9610FB0775}"
EndProject
Project("{FAE04EC0-301F-11D3-BF4B-00C04F79EFBC}") = "BringMeHome.RabbitMQ", "BringMeHome.RabbitMQ\BringMeHome.RabbitMQ.csproj", "{02C757D5-6110-46F2-9DBD-3076F1DDC2F0}"
EndProject
Global
	GlobalSection(SolutionConfigurationPlatforms) = preSolution
		Debug|Any CPU = Debug|Any CPU
		Release|Any CPU = Release|Any CPU
	EndGlobalSection
	GlobalSection(ProjectConfigurationPlatforms) = postSolution
		{866B6C06-4602-4987-AD1F-B6C52A749DFD}.Debug|Any CPU.ActiveCfg = Debug|Any CPU
		{866B6C06-4602-4987-AD1F-B6C52A749DFD}.Debug|Any CPU.Build.0 = Debug|Any CPU
		{866B6C06-4602-4987-AD1F-B6C52A749DFD}.Release|Any CPU.ActiveCfg = Release|Any CPU
		{866B6C06-4602-4987-AD1F-B6C52A749DFD}.Release|Any CPU.Build.0 = Release|Any CPU
		{53558172-7055-4018-B6F1-0AB7B73FE1B7}.Debug|Any CPU.ActiveCfg = Debug|Any CPU
		{53558172-7055-4018-B6F1-0AB7B73FE1B7}.Debug|Any CPU.Build.0 = Debug|Any CPU
		{53558172-7055-4018-B6F1-0AB7B73FE1B7}.Release|Any CPU.ActiveCfg = Release|Any CPU
		{53558172-7055-4018-B6F1-0AB7B73FE1B7}.Release|Any CPU.Build.0 = Release|Any CPU
		{A8FF46A9-F6C0-4F8D-8B4B-7F9610FB0775}.Debug|Any CPU.ActiveCfg = Debug|Any CPU
		{A8FF46A9-F6C0-4F8D-8B4B-7F9610FB0775}.Debug|Any CPU.Build.0 = Debug|Any CPU
		{A8FF46A9-F6C0-4F8D-8B4B-7F9610FB0775}.Release|Any CPU.ActiveCfg = Release|Any CPU
		{A8FF46A9-F6C0-4F8D-8B4B-7F9610FB0775}.Release|Any CPU.Build.0 = Release|Any CPU
		{02C757D5-6110-46F2-9DBD-3076F1DDC2F0}.Debug|Any CPU.ActiveCfg = Debug|Any CPU
		{02C757D5-6110-46F2-9DBD-3076F1DDC2F0}.Debug|Any CPU.Build.0 = Debug|Any CPU
		{02C757D5-6110-46F2-9DBD-3076F1DDC2F0}.Release|Any CPU.ActiveCfg = Release|Any CPU
		{02C757D5-6110-46F2-9DBD-3076F1DDC2F0}.Release|Any CPU.Build.0 = Release|Any CPU
	EndGlobalSection
	GlobalSection(SolutionProperties) = preSolution
		HideSolutionNode = FALSE
	EndGlobalSection
	GlobalSection(ExtensibilityGlobals) = postSolution
		SolutionGuid = {8C289A50-0FEE-45CE-A9A8-059910A104D6}
	EndGlobalSection
EndGlobal
